
Microsoft Visual Studio Solution File, Format Version 12.00
# Visual Studio Version 17
VisualStudioVersion = 17.8.34525.116
MinimumVisualStudioVersion = 10.0.40219.1
Project("{9A19103F-16F7-4668-BE54-9A1E7A4F7556}") = "WinFormsApp1", "WinFormsApp1\WinFormsApp1.csproj", "{5D17C6C9-97E1-45B0-A064-42C8643BA7C3}"
EndProject
Project("{9A19103F-16F7-4668-BE54-9A1E7A4F7556}") = "WinFormsApp1Tests", "WinFormsApp1Tests\WinFormsApp1Tests.csproj", "{93104C8B-1D2C-4C00-A1B0-8545C2281524}"
EndProject
Global
	GlobalSection(SolutionConfigurationPlatforms) = preSolution
		Debug|Any CPU = Debug|Any CPU
		Release|Any CPU = Release|Any CPU
	EndGlobalSection
	GlobalSection(ProjectConfigurationPlatforms) = postSolution
		{5D17C6C9-97E1-45B0-A064-42C8643BA7C3}.Debug|Any CPU.ActiveCfg = Debug|x86
		{5D17C6C9-97E1-45B0-A064-42C8643BA7C3}.Debug|Any CPU.Build.0 = Debug|x86
		{5D17C6C9-97E1-45B0-A064-42C8643BA7C3}.Release|Any CPU.ActiveCfg = Release|Any CPU
		{5D17C6C9-97E1-45B0-A064-42C8643BA7C3}.Release|Any CPU.Build.0 = Release|Any CPU
		{93104C8B-1D2C-4C00-A1B0-8545C2281524}.Debug|Any CPU.ActiveCfg = Debug|x86
		{93104C8B-1D2C-4C00-A1B0-8545C2281524}.Debug|Any CPU.Build.0 = Debug|x86
		{93104C8B-1D2C-4C00-A1B0-8545C2281524}.Release|Any CPU.ActiveCfg = Release|Any CPU
		{93104C8B-1D2C-4C00-A1B0-8545C2281524}.Release|Any CPU.Build.0 = Release|Any CPU
	EndGlobalSection
	GlobalSection(SolutionProperties) = preSolution
		HideSolutionNode = FALSE
	EndGlobalSection
	GlobalSection(ExtensibilityGlobals) = postSolution
		SolutionGuid = {79E70E7F-1A50-4F6C-A0D6-434B9576D571}
	EndGlobalSection
EndGlobal
